{
    "_readme": [
        "This file locks the dependencies of your project to a known state",
        "Read more about it at https://getcomposer.org/doc/01-basic-usage.md#composer-lock-the-lock-file",
        "This file is @generated automatically"
    ],
    "hash": "1a8c3c79fb1cd793e131a97a48eebd20",
    "content-hash": "3da37d8040d71a6cb192de72e553854b",
    "packages": [
        {
            "name": "pagseguro/php",
            "version": "2.7.0",
            "source": {
                "type": "git",
                "url": "https://github.com/pagseguro/php.git",
                "reference": "806fb3a124aba35d2af9aec6932249b1345b6e16"
            },
            "dist": {
                "type": "zip",
                "url": "https://api.github.com/repos/pagseguro/php/zipball/806fb3a124aba35d2af9aec6932249b1345b6e16",
                "reference": "806fb3a124aba35d2af9aec6932249b1345b6e16",
                "shasum": ""
            },
            "require": {
                "ext-curl": "*",
                "lib-curl": "*",
                "lib-libxml": "*",
                "lib-openssl": "*",
                "php": ">=5.4.27"
            },
            "type": "library",
            "autoload": {
                "classmap": [
                    "source/PagSeguroLibrary"
                ]
            },
            "notification-url": "https://packagist.org/downloads/",
            "license": [
                "Apache License 2.0"
            ],
            "description": "Biblioteca de integração com o PagSeguro",
            "time": "2016-01-11 17:00:08"
        }
    ],
    "packages-dev": [],
    "aliases": [],
    "minimum-stability": "stable",
    "stability-flags": {
        "pagseguro/php": 0
    },
    "prefer-stable": false,
    "prefer-lowest": false,
    "platform": {
        "php": "~5.5.0|~5.6.0"
    },
    "platform-dev": []
}
